
Microsoft Visual Studio Solution File, Format Version 12.00
# Visual Studio Version 17
VisualStudioVersion = 17.11.35327.3
MinimumVisualStudioVersion = 10.0.40219.1
Project("{9A19103F-16F7-4668-BE54-9A1E7A4F7556}") = "Project01", "Project01.csproj", "{5833101B-FDB4-4D81-9AD3-C6108D4A7AE6}"
EndProject
Global
	GlobalSection(SolutionConfigurationPlatforms) = preSolution
		Debug|Any CPU = Debug|Any CPU
		Release|Any CPU = Release|Any CPU
	EndGlobalSection
	GlobalSection(ProjectConfigurationPlatforms) = postSolution
		{5833101B-FDB4-4D81-9AD3-C6108D4A7AE6}.Debug|Any CPU.ActiveCfg = Debug|Any CPU
		{5833101B-FDB4-4D81-9AD3-C6108D4A7AE6}.Debug|Any CPU.Build.0 = Debug|Any CPU
		{5833101B-FDB4-4D81-9AD3-C6108D4A7AE6}.Release|Any CPU.ActiveCfg = Release|Any CPU
		{5833101B-FDB4-4D81-9AD3-C6108D4A7AE6}.Release|Any CPU.Build.0 = Release|Any CPU
	EndGlobalSection
	GlobalSection(SolutionProperties) = preSolution
		HideSolutionNode = FALSE
	EndGlobalSection
	GlobalSection(ExtensibilityGlobals) = postSolution
		SolutionGuid = {5A563A36-8BAB-4422-922B-E7FBB1B3009A}
	EndGlobalSection
EndGlobal
